<?xml version="1.0" encoding="utf-8"?>
<Project ToolsVersion="4.0" xmlns="http://schemas.microsoft.com/developer/msbuild/2003">
  <ItemGroup>
    <Filter Include="NSU">
      <UniqueIdentifier>{BB09880B-2713-887C-B08E-9E7C1C97937C}</UniqueIdentifier>
    </Filter>
    <Filter Include="NSU\Events">
      <UniqueIdentifier>{3F159072-2BCD-D1BF-94D4-AA1B80AB6CB0}</UniqueIdentifier>
    </Filter>
    <Filter Include="Platform">
      <UniqueIdentifier>{2AC788B4-1694-E3BF-3FAD-D1672BD9184E}</UniqueIdentifier>
    </Filter>
    <Filter Include="Platform\Windows">
      <UniqueIdentifier>{64FBD71A-50F4-F66C-7926-DCF1657ED678}</UniqueIdentifier>
    </Filter>
  </ItemGroup>
  <ItemGroup>
    <ClInclude Include="src\NSU.h" />
    <ClInclude Include="src\NSU\Application.h">
      <Filter>NSU</Filter>
    </ClInclude>
    <ClInclude Include="src\NSU\Core.h">
      <Filter>NSU</Filter>
    </ClInclude>
    <ClInclude Include="src\NSU\EntryPoint.h">
      <Filter>NSU</Filter>
    </ClInclude>
    <ClInclude Include="src\NSU\Events\ApplicationEvent.h">
      <Filter>NSU\Events</Filter>
    </ClInclude>
    <ClInclude Include="src\NSU\Events\Event.h">
      <Filter>NSU\Events</Filter>
    </ClInclude>
    <ClInclude Include="src\NSU\Events\KeyEvent.h">
      <Filter>NSU\Events</Filter>
    </ClInclude>
    <ClInclude Include="src\NSU\Events\MouseEvent.h">
      <Filter>NSU\Events</Filter>
    </ClInclude>
    <ClInclude Include="src\NSU\Log.h">
      <Filter>NSU</Filter>
    </ClInclude>
    <ClInclude Include="src\NSU\Window.h">
      <Filter>NSU</Filter>
    </ClInclude>
    <ClInclude Include="src\Platform\Windows\WindowsWindow.h">
      <Filter>Platform\Windows</Filter>
    </ClInclude>
    <ClInclude Include="src\nsupch.h" />
  </ItemGroup>
  <ItemGroup>
    <ClCompile Include="src\NSU\Application.cpp">
      <Filter>NSU</Filter>
    </ClCompile>
    <ClCompile Include="src\NSU\Log.cpp">
      <Filter>NSU</Filter>
    </ClCompile>
    <ClCompile Include="src\Platform\Windows\WindowsWindow.cpp">
      <Filter>Platform\Windows</Filter>
    </ClCompile>
    <ClCompile Include="src\nsupch.cpp" />
  </ItemGroup>
</Project>