<?xml version="1.0" encoding="utf-8"?>
<Project ToolsVersion="4.0" xmlns="http://schemas.microsoft.com/developer/msbuild/2003">
  <ItemGroup>
    <Filter Include="NSU">
      <UniqueIdentifier>{BB09880B-2713-887C-B08E-9E7C1C97937C}</UniqueIdentifier>
    </Filter>
  </ItemGroup>
  <ItemGroup>
    <ClInclude Include="src\NSU.h" />
    <ClInclude Include="src\NSU\Application.h">
      <Filter>NSU</Filter>
    </ClInclude>
    <ClInclude Include="src\NSU\Core.h">
      <Filter>NSU</Filter>
    </ClInclude>
    <ClInclude Include="src\NSU\EntryPoint.h">
      <Filter>NSU</Filter>
    </ClInclude>
    <ClInclude Include="src\NSU\Log.h">
      <Filter>NSU</Filter>
    </ClInclude>
  </ItemGroup>
  <ItemGroup>
    <ClCompile Include="src\NSU\Application.cpp">
      <Filter>NSU</Filter>
    </ClCompile>
    <ClCompile Include="src\NSU\Log.cpp">
      <Filter>NSU</Filter>
    </ClCompile>
  </ItemGroup>
</Project>